gitee.com/tfcolin/dsg v1.4.0 h1:jrQCrvAnKL5lgXYfe/IfgevjuED13aIHINooFxW0cU4=
gitee.com/tfcolin/dsg v1.4.0/go.mod h1:2tO6yx0gs68hX+R0aRJb/bsme6A8pR0MRwp6RCcYvnI=
gitee.com/tfcolin/goncurses v0.0.0-20230720065243-ebe86618cac0 h1:Ru30mzC6WryDgspDsX1LIly0BLEpBIJDCrbTxiNKleM=
gitee.com/tfcolin/goncurses v0.0.0-20230720065243-ebe86618cac0/go.mod h1:4w/jcz2oCeJ/uX3b+zpz6vXmcFW4DOxF049vqCkEH4w=
github.com/rthornton128/goncurses v0.0.0-20230211155340-24ae0ddac304 h1:mun02vlqTVZ1TpHcEmJSplc+sytnyDWe03bM/Tg3j/Y=
github.com/rthornton128/goncurses v0.0.0-20230211155340-24ae0ddac304/go.mod h1:AHlKFomPTwmO7H2vL8d7VNrQNQmhMi/DBhDnHRhjbCo=
